# This file is generated by running "yarn install" inside your project.
# Manual changes might be lost - proceed with caution!

__metadata:
  version: 8
  cacheKey: 10

"@latticexyz/common@link:../../mud/packages/common::locator=scripts%40workspace%3A.":
  version: 0.0.0-use.local
  resolution: "@latticexyz/common@link:../../mud/packages/common::locator=scripts%40workspace%3A."
  languageName: node
  linkType: soft

"scripts@workspace:.":
  version: 0.0.0-use.local
  resolution: "scripts@workspace:."
  dependencies:
    "@latticexyz/common": "link:../../mud/packages/common"
  languageName: unknown
  linkType: soft
